
Microsoft Visual Studio Solution File, Format Version 12.00
# Visual Studio Version 16
VisualStudioVersion = 16.0.30804.86
MinimumVisualStudioVersion = 10.0.40219.1
Project("{9A19103F-16F7-4668-BE54-9A1E7A4F7556}") = "OrderValidation.Currency.Tests", "OrderValidation\tests\OrderValidation.Currency.Tests.csproj", "{952543E6-F195-485A-9F64-C1831DEDC237}"
EndProject
Project("{2150E333-8FDC-42A3-9474-1A3956D46DE8}") = "tests", "tests", "{066A11CB-0199-4811-8FC9-BE4FEC4DCCC3}"
EndProject
Project("{2150E333-8FDC-42A3-9474-1A3956D46DE8}") = "src", "src", "{4BDA0EC5-FDEB-429A-B0DE-8D8A8329DA9A}"
EndProject
Project("{9A19103F-16F7-4668-BE54-9A1E7A4F7556}") = "OrderValidation.Currency", "OrderValidation.Currency.Validation\OrderValidation.Currency.csproj", "{9BCCE7CD-D012-40E1-92EA-5A0031FF9933}"
EndProject
Project("{9A19103F-16F7-4668-BE54-9A1E7A4F7556}") = "OrderValidation.Common", "OrderValidation.Common\OrderValidation.Common.csproj", "{44571FE1-7493-40AF-AAC7-EE687E190AB4}"
EndProject
Project("{9A19103F-16F7-4668-BE54-9A1E7A4F7556}") = "OrderValidation.Basket.Tests", "OrderValidation.Basket.Validation.Tests\OrderValidation.Basket.Tests.csproj", "{49E63745-9A60-4D20-A9B8-1E782841DA90}"
EndProject
Project("{9A19103F-16F7-4668-BE54-9A1E7A4F7556}") = "OrderValidation.Basket", "OrderValidation.Basket\OrderValidation.Basket.csproj", "{7531B194-71C7-4D29-A90A-41F3CCCF1279}"
EndProject
Project("{9A19103F-16F7-4668-BE54-9A1E7A4F7556}") = "OrderValidation.ChildOrder.Tests", "OrderValidation.ChildOrder.Tests\OrderValidation.ChildOrder.Tests.csproj", "{0B7A6DF0-C7D6-4C61-9A31-F5C95AD57053}"
EndProject
Project("{9A19103F-16F7-4668-BE54-9A1E7A4F7556}") = "OrderValidation.ChildOrder", "OrderValidation.ChildOrder\OrderValidation.ChildOrder.csproj", "{85873041-477F-4613-A85C-92A7AEB389EC}"
EndProject
Project("{9A19103F-16F7-4668-BE54-9A1E7A4F7556}") = "OrderValidation.Client", "OrderValidation.Client\OrderValidation.Client.csproj", "{26A7B284-CD71-4988-ADF0-1E4FB401F87F}"
EndProject
Global
	GlobalSection(SolutionConfigurationPlatforms) = preSolution
		Debug|Any CPU = Debug|Any CPU
		Release|Any CPU = Release|Any CPU
	EndGlobalSection
	GlobalSection(ProjectConfigurationPlatforms) = postSolution
		{952543E6-F195-485A-9F64-C1831DEDC237}.Debug|Any CPU.ActiveCfg = Debug|Any CPU
		{952543E6-F195-485A-9F64-C1831DEDC237}.Debug|Any CPU.Build.0 = Debug|Any CPU
		{952543E6-F195-485A-9F64-C1831DEDC237}.Release|Any CPU.ActiveCfg = Release|Any CPU
		{952543E6-F195-485A-9F64-C1831DEDC237}.Release|Any CPU.Build.0 = Release|Any CPU
		{9BCCE7CD-D012-40E1-92EA-5A0031FF9933}.Debug|Any CPU.ActiveCfg = Debug|Any CPU
		{9BCCE7CD-D012-40E1-92EA-5A0031FF9933}.Debug|Any CPU.Build.0 = Debug|Any CPU
		{9BCCE7CD-D012-40E1-92EA-5A0031FF9933}.Release|Any CPU.ActiveCfg = Release|Any CPU
		{9BCCE7CD-D012-40E1-92EA-5A0031FF9933}.Release|Any CPU.Build.0 = Release|Any CPU
		{44571FE1-7493-40AF-AAC7-EE687E190AB4}.Debug|Any CPU.ActiveCfg = Debug|Any CPU
		{44571FE1-7493-40AF-AAC7-EE687E190AB4}.Debug|Any CPU.Build.0 = Debug|Any CPU
		{44571FE1-7493-40AF-AAC7-EE687E190AB4}.Release|Any CPU.ActiveCfg = Release|Any CPU
		{44571FE1-7493-40AF-AAC7-EE687E190AB4}.Release|Any CPU.Build.0 = Release|Any CPU
		{49E63745-9A60-4D20-A9B8-1E782841DA90}.Debug|Any CPU.ActiveCfg = Debug|Any CPU
		{49E63745-9A60-4D20-A9B8-1E782841DA90}.Debug|Any CPU.Build.0 = Debug|Any CPU
		{49E63745-9A60-4D20-A9B8-1E782841DA90}.Release|Any CPU.ActiveCfg = Release|Any CPU
		{49E63745-9A60-4D20-A9B8-1E782841DA90}.Release|Any CPU.Build.0 = Release|Any CPU
		{7531B194-71C7-4D29-A90A-41F3CCCF1279}.Debug|Any CPU.ActiveCfg = Debug|Any CPU
		{7531B194-71C7-4D29-A90A-41F3CCCF1279}.Debug|Any CPU.Build.0 = Debug|Any CPU
		{7531B194-71C7-4D29-A90A-41F3CCCF1279}.Release|Any CPU.ActiveCfg = Release|Any CPU
		{7531B194-71C7-4D29-A90A-41F3CCCF1279}.Release|Any CPU.Build.0 = Release|Any CPU
		{0B7A6DF0-C7D6-4C61-9A31-F5C95AD57053}.Debug|Any CPU.ActiveCfg = Debug|Any CPU
		{0B7A6DF0-C7D6-4C61-9A31-F5C95AD57053}.Debug|Any CPU.Build.0 = Debug|Any CPU
		{0B7A6DF0-C7D6-4C61-9A31-F5C95AD57053}.Release|Any CPU.ActiveCfg = Release|Any CPU
		{0B7A6DF0-C7D6-4C61-9A31-F5C95AD57053}.Release|Any CPU.Build.0 = Release|Any CPU
		{85873041-477F-4613-A85C-92A7AEB389EC}.Debug|Any CPU.ActiveCfg = Debug|Any CPU
		{85873041-477F-4613-A85C-92A7AEB389EC}.Debug|Any CPU.Build.0 = Debug|Any CPU
		{85873041-477F-4613-A85C-92A7AEB389EC}.Release|Any CPU.ActiveCfg = Release|Any CPU
		{85873041-477F-4613-A85C-92A7AEB389EC}.Release|Any CPU.Build.0 = Release|Any CPU
		{26A7B284-CD71-4988-ADF0-1E4FB401F87F}.Debug|Any CPU.ActiveCfg = Debug|Any CPU
		{26A7B284-CD71-4988-ADF0-1E4FB401F87F}.Debug|Any CPU.Build.0 = Debug|Any CPU
		{26A7B284-CD71-4988-ADF0-1E4FB401F87F}.Release|Any CPU.ActiveCfg = Release|Any CPU
		{26A7B284-CD71-4988-ADF0-1E4FB401F87F}.Release|Any CPU.Build.0 = Release|Any CPU
	EndGlobalSection
	GlobalSection(SolutionProperties) = preSolution
		HideSolutionNode = FALSE
	EndGlobalSection
	GlobalSection(NestedProjects) = preSolution
		{952543E6-F195-485A-9F64-C1831DEDC237} = {066A11CB-0199-4811-8FC9-BE4FEC4DCCC3}
		{9BCCE7CD-D012-40E1-92EA-5A0031FF9933} = {4BDA0EC5-FDEB-429A-B0DE-8D8A8329DA9A}
		{44571FE1-7493-40AF-AAC7-EE687E190AB4} = {4BDA0EC5-FDEB-429A-B0DE-8D8A8329DA9A}
		{49E63745-9A60-4D20-A9B8-1E782841DA90} = {066A11CB-0199-4811-8FC9-BE4FEC4DCCC3}
		{7531B194-71C7-4D29-A90A-41F3CCCF1279} = {4BDA0EC5-FDEB-429A-B0DE-8D8A8329DA9A}
		{0B7A6DF0-C7D6-4C61-9A31-F5C95AD57053} = {066A11CB-0199-4811-8FC9-BE4FEC4DCCC3}
		{85873041-477F-4613-A85C-92A7AEB389EC} = {4BDA0EC5-FDEB-429A-B0DE-8D8A8329DA9A}
		{26A7B284-CD71-4988-ADF0-1E4FB401F87F} = {4BDA0EC5-FDEB-429A-B0DE-8D8A8329DA9A}
	EndGlobalSection
	GlobalSection(ExtensibilityGlobals) = postSolution
		SolutionGuid = {90F768D4-65FA-4AF0-BB56-ED3E5F647F67}
	EndGlobalSection
EndGlobal
