
Microsoft Visual Studio Solution File, Format Version 12.00
# Visual Studio Version 16
VisualStudioVersion = 16.0.30804.86
MinimumVisualStudioVersion = 10.0.40219.1
Project("{FAE04EC0-301F-11D3-BF4B-00C04F79EFBC}") = "OrderValidationApi", "OrderValidationApi\OrderValidationApi.csproj", "{3E5F5D35-1331-4091-9341-2DA20436D235}"
EndProject
Global
	GlobalSection(SolutionConfigurationPlatforms) = preSolution
		Debug|Any CPU = Debug|Any CPU
		Release|Any CPU = Release|Any CPU
	EndGlobalSection
	GlobalSection(ProjectConfigurationPlatforms) = postSolution
		{3E5F5D35-1331-4091-9341-2DA20436D235}.Debug|Any CPU.ActiveCfg = Debug|Any CPU
		{3E5F5D35-1331-4091-9341-2DA20436D235}.Debug|Any CPU.Build.0 = Debug|Any CPU
		{3E5F5D35-1331-4091-9341-2DA20436D235}.Release|Any CPU.ActiveCfg = Release|Any CPU
		{3E5F5D35-1331-4091-9341-2DA20436D235}.Release|Any CPU.Build.0 = Release|Any CPU
	EndGlobalSection
	GlobalSection(SolutionProperties) = preSolution
		HideSolutionNode = FALSE
	EndGlobalSection
	GlobalSection(ExtensibilityGlobals) = postSolution
		SolutionGuid = {90F768D4-65FA-4AF0-BB56-ED3E5F647F67}
	EndGlobalSection
EndGlobal
